
Microsoft Visual Studio Solution File, Format Version 12.00
# Visual Studio Version 17
VisualStudioVersion = 17.10.35122.118
MinimumVisualStudioVersion = 10.0.40219.1
Project("{FAE04EC0-301F-11D3-BF4B-00C04F79EFBC}") = "Tarea 2 MStest", "Tarea 2 MStest\Tarea 2 MStest.csproj", "{5CC578CD-DB53-4EF9-927A-EDA0B0A93929}"
EndProject
Project("{FAE04EC0-301F-11D3-BF4B-00C04F79EFBC}") = "MStest", "MStest\MStest.csproj", "{05AE18B6-BB49-474B-BCE3-D0F4805B88F1}"
EndProject
Global
	GlobalSection(SolutionConfigurationPlatforms) = preSolution
		Debug|Any CPU = Debug|Any CPU
		Release|Any CPU = Release|Any CPU
	EndGlobalSection
	GlobalSection(ProjectConfigurationPlatforms) = postSolution
		{5CC578CD-DB53-4EF9-927A-EDA0B0A93929}.Debug|Any CPU.ActiveCfg = Debug|Any CPU
		{5CC578CD-DB53-4EF9-927A-EDA0B0A93929}.Debug|Any CPU.Build.0 = Debug|Any CPU
		{5CC578CD-DB53-4EF9-927A-EDA0B0A93929}.Release|Any CPU.ActiveCfg = Release|Any CPU
		{5CC578CD-DB53-4EF9-927A-EDA0B0A93929}.Release|Any CPU.Build.0 = Release|Any CPU
		{05AE18B6-BB49-474B-BCE3-D0F4805B88F1}.Debug|Any CPU.ActiveCfg = Debug|Any CPU
		{05AE18B6-BB49-474B-BCE3-D0F4805B88F1}.Debug|Any CPU.Build.0 = Debug|Any CPU
		{05AE18B6-BB49-474B-BCE3-D0F4805B88F1}.Release|Any CPU.ActiveCfg = Release|Any CPU
		{05AE18B6-BB49-474B-BCE3-D0F4805B88F1}.Release|Any CPU.Build.0 = Release|Any CPU
	EndGlobalSection
	GlobalSection(SolutionProperties) = preSolution
		HideSolutionNode = FALSE
	EndGlobalSection
	GlobalSection(ExtensibilityGlobals) = postSolution
		SolutionGuid = {CFB4AA06-0DCA-49BD-80D8-263A83AE0C06}
	EndGlobalSection
EndGlobal
